
Microsoft Visual Studio Solution File, Format Version 12.00
# Visual Studio 15
VisualStudioVersion = 15.0.28307.645
MinimumVisualStudioVersion = 10.0.40219.1
Project("{FAE04EC0-301F-11D3-BF4B-00C04F79EFBC}") = "app12062019", "app12062019\app12062019.csproj", "{72CE51BC-6F6C-44ED-B7AE-6444685E1676}"
EndProject
Global
	GlobalSection(SolutionConfigurationPlatforms) = preSolution
		Debug|Any CPU = Debug|Any CPU
		Release|Any CPU = Release|Any CPU
	EndGlobalSection
	GlobalSection(ProjectConfigurationPlatforms) = postSolution
		{72CE51BC-6F6C-44ED-B7AE-6444685E1676}.Debug|Any CPU.ActiveCfg = Debug|Any CPU
		{72CE51BC-6F6C-44ED-B7AE-6444685E1676}.Debug|Any CPU.Build.0 = Debug|Any CPU
		{72CE51BC-6F6C-44ED-B7AE-6444685E1676}.Release|Any CPU.ActiveCfg = Release|Any CPU
		{72CE51BC-6F6C-44ED-B7AE-6444685E1676}.Release|Any CPU.Build.0 = Release|Any CPU
	EndGlobalSection
	GlobalSection(SolutionProperties) = preSolution
		HideSolutionNode = FALSE
	EndGlobalSection
	GlobalSection(ExtensibilityGlobals) = postSolution
		SolutionGuid = {FDF9219C-9A9D-4274-9A96-D6A8C5DD7109}
	EndGlobalSection
EndGlobal
